// !$*UTF8*$!
{
	archiveVersion = 1;
	classes = {
	};
	objectVersion = 46;
	objects = {

/* Begin PBXBuildFile section */
		693E89891E650933005803F0 /* main.m in Sources */ = {isa = PBXBuildFile; fileRef = 693E89881E650933005803F0 /* main.m */; };
		693E898C1E650933005803F0 /* AppDelegate.m in Sources */ = {isa = PBXBuildFile; fileRef = 693E898B1E650933005803F0 /* AppDelegate.m */; };
		693E898F1E650933005803F0 /* ViewController.m in Sources */ = {isa = PBXBuildFile; fileRef = 693E898E1E650933005803F0 /* ViewController.m */; };
		693E89921E650933005803F0 /* Main.storyboard in Resources */ = {isa = PBXBuildFile; fileRef = 693E89901E650933005803F0 /* Main.storyboard */; };
		693E89941E650933005803F0 /* Assets.xcassets in Resources */ = {isa = PBXBuildFile; fileRef = 693E89931E650933005803F0 /* Assets.xcassets */; };
		693E89971E650933005803F0 /* LaunchScreen.storyboard in Resources */ = {isa = PBXBuildFile; fileRef = 693E89951E650933005803F0 /* LaunchScreen.storyboard */; };
		693E89A21E650933005803F0 /* LouXiaoShiYiLangTests.m in Sources */ = {isa = PBXBuildFile; fileRef = 693E89A11E650933005803F0 /* LouXiaoShiYiLangTests.m */; };
		693E89AD1E650933005803F0 /* LouXiaoShiYiLangUITests.m in Sources */ = {isa = PBXBuildFile; fileRef = 693E89AC1E650933005803F0 /* LouXiaoShiYiLangUITests.m */; };
		693E89BC1E650C0D005803F0 /* QRCodeVIew.m in Sources */ = {isa = PBXBuildFile; fileRef = 693E89BB1E650C0D005803F0 /* QRCodeVIew.m */; };
		693E89E61E656185005803F0 /* MyIcon8.png in Resources */ = {isa = PBXBuildFile; fileRef = 693E89DE1E656185005803F0 /* MyIcon8.png */; };
		693E89E71E656185005803F0 /* MyIcon7.png in Resources */ = {isa = PBXBuildFile; fileRef = 693E89DF1E656185005803F0 /* MyIcon7.png */; };
		693E89E81E656185005803F0 /* MyIcon6.png in Resources */ = {isa = PBXBuildFile; fileRef = 693E89E01E656185005803F0 /* MyIcon6.png */; };
		693E89E91E656185005803F0 /* MyIcon5.png in Resources */ = {isa = PBXBuildFile; fileRef = 693E89E11E656185005803F0 /* MyIcon5.png */; };
		693E89EA1E656185005803F0 /* MyIcon4.png in Resources */ = {isa = PBXBuildFile; fileRef = 693E89E21E656185005803F0 /* MyIcon4.png */; };
		693E89EB1E656185005803F0 /* MyIcon3.png in Resources */ = {isa = PBXBuildFile; fileRef = 693E89E31E656185005803F0 /* MyIcon3.png */; };
		693E89EC1E656185005803F0 /* MyIcon2.png in Resources */ = {isa = PBXBuildFile; fileRef = 693E89E41E656185005803F0 /* MyIcon2.png */; };
		693E89ED1E656185005803F0 /* MyIcon1.png in Resources */ = {isa = PBXBuildFile; fileRef = 693E89E51E656185005803F0 /* MyIcon1.png */; };
		695CAB241EA5B75B0074B16D /* NotificationCenter.framework in Frameworks */ = {isa = PBXBuildFile; fileRef = 695CAB231EA5B75B0074B16D /* NotificationCenter.framework */; };
		695CAB281EA5B75B0074B16D /* TodayViewController.m in Sources */ = {isa = PBXBuildFile; fileRef = 695CAB271EA5B75B0074B16D /* TodayViewController.m */; };
		695CAB2B1EA5B75B0074B16D /* MainInterface.storyboard in Resources */ = {isa = PBXBuildFile; fileRef = 695CAB291EA5B75B0074B16D /* MainInterface.storyboard */; };
		695CAB2F1EA5B75B0074B16D /* Widget.appex in Embed App Extensions */ = {isa = PBXBuildFile; fileRef = 695CAB211EA5B75B0074B16D /* Widget.appex */; settings = {ATTRIBUTES = (RemoveHeadersOnCopy, ); }; };
		695CAB341EA5BDC80074B16D /* TodayViewController.m in Sources */ = {isa = PBXBuildFile; fileRef = 695CAB271EA5B75B0074B16D /* TodayViewController.m */; };
		695CAB351EA5BDDB0074B16D /* ViewController.m in Sources */ = {isa = PBXBuildFile; fileRef = 693E898E1E650933005803F0 /* ViewController.m */; };
		695CAB361EA5BE6E0074B16D /* QRCodeVIew.m in Sources */ = {isa = PBXBuildFile; fileRef = 693E89BB1E650C0D005803F0 /* QRCodeVIew.m */; };
/* End PBXBuildFile section */

/* Begin PBXContainerItemProxy section */
		693E899E1E650933005803F0 /* PBXContainerItemProxy */ = {
			isa = PBXContainerItemProxy;
			containerPortal = 693E897C1E650933005803F0 /* Project object */;
			proxyType = 1;
			remoteGlobalIDString = 693E89831E650933005803F0;
			remoteInfo = LouXiaoShiYiLang;
		};
		693E89A91E650933005803F0 /* PBXContainerItemProxy */ = {
			isa = PBXContainerItemProxy;
			containerPortal = 693E897C1E650933005803F0 /* Project object */;
			proxyType = 1;
			remoteGlobalIDString = 693E89831E650933005803F0;
			remoteInfo = LouXiaoShiYiLang;
		};
		695CAB2D1EA5B75B0074B16D /* PBXContainerItemProxy */ = {
			isa = PBXContainerItemProxy;
			containerPortal = 693E897C1E650933005803F0 /* Project object */;
			proxyType = 1;
			remoteGlobalIDString = 695CAB201EA5B75B0074B16D;
			remoteInfo = Widget;
		};
/* End PBXContainerItemProxy section */

/* Begin PBXCopyFilesBuildPhase section */
		695CAB331EA5B75B0074B16D /* Embed App Extensions */ = {
			isa = PBXCopyFilesBuildPhase;
			buildActionMask = 2147483647;
			dstPath = "";
			dstSubfolderSpec = 13;
			files = (
				695CAB2F1EA5B75B0074B16D /* Widget.appex in Embed App Extensions */,
			);
			name = "Embed App Extensions";
			runOnlyForDeploymentPostprocessing = 0;
		};
/* End PBXCopyFilesBuildPhase section */

/* Begin PBXFileReference section */
		693E89841E650933005803F0 /* LouXiaoShiYiLang.app */ = {isa = PBXFileReference; explicitFileType = wrapper.application; includeInIndex = 0; path = LouXiaoShiYiLang.app; sourceTree = BUILT_PRODUCTS_DIR; };
		693E89881E650933005803F0 /* main.m */ = {isa = PBXFileReference; lastKnownFileType = sourcecode.c.objc; path = main.m; sourceTree = "<group>"; };
		693E898A1E650933005803F0 /* AppDelegate.h */ = {isa = PBXFileReference; lastKnownFileType = sourcecode.c.h; path = AppDelegate.h; sourceTree = "<group>"; };
		693E898B1E650933005803F0 /* AppDelegate.m */ = {isa = PBXFileReference; lastKnownFileType = sourcecode.c.objc; path = AppDelegate.m; sourceTree = "<group>"; };
		693E898D1E650933005803F0 /* ViewController.h */ = {isa = PBXFileReference; lastKnownFileType = sourcecode.c.h; path = ViewController.h; sourceTree = "<group>"; };
		693E898E1E650933005803F0 /* ViewController.m */ = {isa = PBXFileReference; lastKnownFileType = sourcecode.c.objc; path = ViewController.m; sourceTree = "<group>"; };
		693E89911E650933005803F0 /* Base */ = {isa = PBXFileReference; lastKnownFileType = file.storyboard; name = Base; path = Base.lproj/Main.storyboard; sourceTree = "<group>"; };
		693E89931E650933005803F0 /* Assets.xcassets */ = {isa = PBXFileReference; lastKnownFileType = folder.assetcatalog; path = Assets.xcassets; sourceTree = "<group>"; };
		693E89961E650933005803F0 /* Base */ = {isa = PBXFileReference; lastKnownFileType = file.storyboard; name = Base; path = Base.lproj/LaunchScreen.storyboard; sourceTree = "<group>"; };
		693E89981E650933005803F0 /* Info.plist */ = {isa = PBXFileReference; lastKnownFileType = text.plist.xml; path = Info.plist; sourceTree = "<group>"; };
		693E899D1E650933005803F0 /* LouXiaoShiYiLangTests.xctest */ = {isa = PBXFileReference; explicitFileType = wrapper.cfbundle; includeInIndex = 0; path = LouXiaoShiYiLangTests.xctest; sourceTree = BUILT_PRODUCTS_DIR; };
		693E89A11E650933005803F0 /* LouXiaoShiYiLangTests.m */ = {isa = PBXFileReference; lastKnownFileType = sourcecode.c.objc; path = LouXiaoShiYiLangTests.m; sourceTree = "<group>"; };
		693E89A31E650933005803F0 /* Info.plist */ = {isa = PBXFileReference; lastKnownFileType = text.plist.xml; path = Info.plist; sourceTree = "<group>"; };
		693E89A81E650933005803F0 /* LouXiaoShiYiLangUITests.xctest */ = {isa = PBXFileReference; explicitFileType = wrapper.cfbundle; includeInIndex = 0; path = LouXiaoShiYiLangUITests.xctest; sourceTree = BUILT_PRODUCTS_DIR; };
		693E89AC1E650933005803F0 /* LouXiaoShiYiLangUITests.m */ = {isa = PBXFileReference; lastKnownFileType = sourcecode.c.objc; path = LouXiaoShiYiLangUITests.m; sourceTree = "<group>"; };
		693E89AE1E650933005803F0 /* Info.plist */ = {isa = PBXFileReference; lastKnownFileType = text.plist.xml; path = Info.plist; sourceTree = "<group>"; };
		693E89BA1E650C0D005803F0 /* QRCodeVIew.h */ = {isa = PBXFileReference; fileEncoding = 4; lastKnownFileType = sourcecode.c.h; path = QRCodeVIew.h; sourceTree = "<group>"; };
		693E89BB1E650C0D005803F0 /* QRCodeVIew.m */ = {isa = PBXFileReference; fileEncoding = 4; lastKnownFileType = sourcecode.c.objc; path = QRCodeVIew.m; sourceTree = "<group>"; };
		693E89DE1E656185005803F0 /* MyIcon8.png */ = {isa = PBXFileReference; lastKnownFileType = image.png; path = MyIcon8.png; sourceTree = "<group>"; };
		693E89DF1E656185005803F0 /* MyIcon7.png */ = {isa = PBXFileReference; lastKnownFileType = image.png; path = MyIcon7.png; sourceTree = "<group>"; };
		693E89E01E656185005803F0 /* MyIcon6.png */ = {isa = PBXFileReference; lastKnownFileType = image.png; path = MyIcon6.png; sourceTree = "<group>"; };
		693E89E11E656185005803F0 /* MyIcon5.png */ = {isa = PBXFileReference; lastKnownFileType = image.png; path = MyIcon5.png; sourceTree = "<group>"; };
		693E89E21E656185005803F0 /* MyIcon4.png */ = {isa = PBXFileReference; lastKnownFileType = image.png; path = MyIcon4.png; sourceTree = "<group>"; };
		693E89E31E656185005803F0 /* MyIcon3.png */ = {isa = PBXFileReference; lastKnownFileType = image.png; path = MyIcon3.png; sourceTree = "<group>"; };
		693E89E41E656185005803F0 /* MyIcon2.png */ = {isa = PBXFileReference; lastKnownFileType = image.png; path = MyIcon2.png; sourceTree = "<group>"; };
		693E89E51E656185005803F0 /* MyIcon1.png */ = {isa = PBXFileReference; lastKnownFileType = image.png; path = MyIcon1.png; sourceTree = "<group>"; };
		695CAB1C1EA5B50C0074B16D /* LouXiaoShiYiLang.entitlements */ = {isa = PBXFileReference; lastKnownFileType = text.plist.entitlements; path = LouXiaoShiYiLang.entitlements; sourceTree = "<group>"; };
		695CAB211EA5B75B0074B16D /* Widget.appex */ = {isa = PBXFileReference; explicitFileType = "wrapper.app-extension"; includeInIndex = 0; path = Widget.appex; sourceTree = BUILT_PRODUCTS_DIR; };
		695CAB231EA5B75B0074B16D /* NotificationCenter.framework */ = {isa = PBXFileReference; lastKnownFileType = wrapper.framework; name = NotificationCenter.framework; path = System/Library/Frameworks/NotificationCenter.framework; sourceTree = SDKROOT; };
		695CAB261EA5B75B0074B16D /* TodayViewController.h */ = {isa = PBXFileReference; lastKnownFileType = sourcecode.c.h; path = TodayViewController.h; sourceTree = "<group>"; };
		695CAB271EA5B75B0074B16D /* TodayViewController.m */ = {isa = PBXFileReference; lastKnownFileType = sourcecode.c.objc; path = TodayViewController.m; sourceTree = "<group>"; };
		695CAB2A1EA5B75B0074B16D /* Base */ = {isa = PBXFileReference; lastKnownFileType = file.storyboard; name = Base; path = Base.lproj/MainInterface.storyboard; sourceTree = "<group>"; };
		695CAB2C1EA5B75B0074B16D /* Info.plist */ = {isa = PBXFileReference; lastKnownFileType = text.plist.xml; path = Info.plist; sourceTree = "<group>"; };
/* End PBXFileReference section */

/* Begin PBXFrameworksBuildPhase section */
		693E89811E650933005803F0 /* Frameworks */ = {
			isa = PBXFrameworksBuildPhase;
			buildActionMask = 2147483647;
			files = (
			);
			runOnlyForDeploymentPostprocessing = 0;
		};
		693E899A1E650933005803F0 /* Frameworks */ = {
			isa = PBXFrameworksBuildPhase;
			buildActionMask = 2147483647;
			files = (
			);
			runOnlyForDeploymentPostprocessing = 0;
		};
		693E89A51E650933005803F0 /* Frameworks */ = {
			isa = PBXFrameworksBuildPhase;
			buildActionMask = 2147483647;
			files = (
			);
			runOnlyForDeploymentPostprocessing = 0;
		};
		695CAB1E1EA5B75B0074B16D /* Frameworks */ = {
			isa = PBXFrameworksBuildPhase;
			buildActionMask = 2147483647;
			files = (
				695CAB241EA5B75B0074B16D /* NotificationCenter.framework in Frameworks */,
			);
			runOnlyForDeploymentPostprocessing = 0;
		};
/* End PBXFrameworksBuildPhase section */

/* Begin PBXGroup section */
		693E897B1E650933005803F0 = {
			isa = PBXGroup;
			children = (
				693E89BD1E655DB3005803F0 /* image */,
				693E89861E650933005803F0 /* LouXiaoShiYiLang */,
				693E89A01E650933005803F0 /* LouXiaoShiYiLangTests */,
				693E89AB1E650933005803F0 /* LouXiaoShiYiLangUITests */,
				695CAB251EA5B75B0074B16D /* Widget */,
				695CAB221EA5B75B0074B16D /* Frameworks */,
				693E89851E650933005803F0 /* Products */,
			);
			sourceTree = "<group>";
		};
		693E89851E650933005803F0 /* Products */ = {
			isa = PBXGroup;
			children = (
				693E89841E650933005803F0 /* LouXiaoShiYiLang.app */,
				693E899D1E650933005803F0 /* LouXiaoShiYiLangTests.xctest */,
				693E89A81E650933005803F0 /* LouXiaoShiYiLangUITests.xctest */,
				695CAB211EA5B75B0074B16D /* Widget.appex */,
			);
			name = Products;
			sourceTree = "<group>";
		};
		693E89861E650933005803F0 /* LouXiaoShiYiLang */ = {
			isa = PBXGroup;
			children = (
				695CAB1C1EA5B50C0074B16D /* LouXiaoShiYiLang.entitlements */,
				693E898A1E650933005803F0 /* AppDelegate.h */,
				693E898B1E650933005803F0 /* AppDelegate.m */,
				693E898D1E650933005803F0 /* ViewController.h */,
				693E898E1E650933005803F0 /* ViewController.m */,
				693E89901E650933005803F0 /* Main.storyboard */,
				693E89931E650933005803F0 /* Assets.xcassets */,
				693E89951E650933005803F0 /* LaunchScreen.storyboard */,
				693E89981E650933005803F0 /* Info.plist */,
				693E89871E650933005803F0 /* Supporting Files */,
				693E89BA1E650C0D005803F0 /* QRCodeVIew.h */,
				693E89BB1E650C0D005803F0 /* QRCodeVIew.m */,
			);
			path = LouXiaoShiYiLang;
			sourceTree = "<group>";
		};
		693E89871E650933005803F0 /* Supporting Files */ = {
			isa = PBXGroup;
			children = (
				693E89881E650933005803F0 /* main.m */,
			);
			name = "Supporting Files";
			sourceTree = "<group>";
		};
		693E89A01E650933005803F0 /* LouXiaoShiYiLangTests */ = {
			isa = PBXGroup;
			children = (
				693E89A11E650933005803F0 /* LouXiaoShiYiLangTests.m */,
				693E89A31E650933005803F0 /* Info.plist */,
			);
			path = LouXiaoShiYiLangTests;
			sourceTree = "<group>";
		};
		693E89AB1E650933005803F0 /* LouXiaoShiYiLangUITests */ = {
			isa = PBXGroup;
			children = (
				693E89AC1E650933005803F0 /* LouXiaoShiYiLangUITests.m */,
				693E89AE1E650933005803F0 /* Info.plist */,
			);
			path = LouXiaoShiYiLangUITests;
			sourceTree = "<group>";
		};
		693E89BD1E655DB3005803F0 /* image */ = {
			isa = PBXGroup;
			children = (
				693E89DE1E656185005803F0 /* MyIcon8.png */,
				693E89DF1E656185005803F0 /* MyIcon7.png */,
				693E89E01E656185005803F0 /* MyIcon6.png */,
				693E89E11E656185005803F0 /* MyIcon5.png */,
				693E89E21E656185005803F0 /* MyIcon4.png */,
				693E89E31E656185005803F0 /* MyIcon3.png */,
				693E89E41E656185005803F0 /* MyIcon2.png */,
				693E89E51E656185005803F0 /* MyIcon1.png */,
			);
			name = image;
			sourceTree = "<group>";
		};
		695CAB221EA5B75B0074B16D /* Frameworks */ = {
			isa = PBXGroup;
			children = (
				695CAB231EA5B75B0074B16D /* NotificationCenter.framework */,
			);
			name = Frameworks;
			sourceTree = "<group>";
		};
		695CAB251EA5B75B0074B16D /* Widget */ = {
			isa = PBXGroup;
			children = (
				695CAB261EA5B75B0074B16D /* TodayViewController.h */,
				695CAB271EA5B75B0074B16D /* TodayViewController.m */,
				695CAB291EA5B75B0074B16D /* MainInterface.storyboard */,
				695CAB2C1EA5B75B0074B16D /* Info.plist */,
			);
			path = Widget;
			sourceTree = "<group>";
		};
/* End PBXGroup section */

/* Begin PBXNativeTarget section */
		693E89831E650933005803F0 /* LouXiaoShiYiLang */ = {
			isa = PBXNativeTarget;
			buildConfigurationList = 693E89B11E650933005803F0 /* Build configuration list for PBXNativeTarget "LouXiaoShiYiLang" */;
			buildPhases = (
				693E89801E650933005803F0 /* Sources */,
				693E89811E650933005803F0 /* Frameworks */,
				693E89821E650933005803F0 /* Resources */,
				695CAB331EA5B75B0074B16D /* Embed App Extensions */,
			);
			buildRules = (
			);
			dependencies = (
				695CAB2E1EA5B75B0074B16D /* PBXTargetDependency */,
			);
			name = LouXiaoShiYiLang;
			productName = LouXiaoShiYiLang;
			productReference = 693E89841E650933005803F0 /* LouXiaoShiYiLang.app */;
			productType = "com.apple.product-type.application";
		};
		693E899C1E650933005803F0 /* LouXiaoShiYiLangTests */ = {
			isa = PBXNativeTarget;
			buildConfigurationList = 693E89B41E650933005803F0 /* Build configuration list for PBXNativeTarget "LouXiaoShiYiLangTests" */;
			buildPhases = (
				693E89991E650933005803F0 /* Sources */,
				693E899A1E650933005803F0 /* Frameworks */,
				693E899B1E650933005803F0 /* Resources */,
			);
			buildRules = (
			);
			dependencies = (
				693E899F1E650933005803F0 /* PBXTargetDependency */,
			);
			name = LouXiaoShiYiLangTests;
			productName = LouXiaoShiYiLangTests;
			productReference = 693E899D1E650933005803F0 /* LouXiaoShiYiLangTests.xctest */;
			productType = "com.apple.product-type.bundle.unit-test";
		};
		693E89A71E650933005803F0 /* LouXiaoShiYiLangUITests */ = {
			isa = PBXNativeTarget;
			buildConfigurationList = 693E89B71E650933005803F0 /* Build configuration list for PBXNativeTarget "LouXiaoShiYiLangUITests" */;
			buildPhases = (
				693E89A41E650933005803F0 /* Sources */,
				693E89A51E650933005803F0 /* Frameworks */,
				693E89A61E650933005803F0 /* Resources */,
			);
			buildRules = (
			);
			dependencies = (
				693E89AA1E650933005803F0 /* PBXTargetDependency */,
			);
			name = LouXiaoShiYiLangUITests;
			productName = LouXiaoShiYiLangUITests;
			productReference = 693E89A81E650933005803F0 /* LouXiaoShiYiLangUITests.xctest */;
			productType = "com.apple.product-type.bundle.ui-testing";
		};
		695CAB201EA5B75B0074B16D /* Widget */ = {
			isa = PBXNativeTarget;
			buildConfigurationList = 695CAB301EA5B75B0074B16D /* Build configuration list for PBXNativeTarget "Widget" */;
			buildPhases = (
				695CAB1D1EA5B75B0074B16D /* Sources */,
				695CAB1E1EA5B75B0074B16D /* Frameworks */,
				695CAB1F1EA5B75B0074B16D /* Resources */,
			);
			buildRules = (
			);
			dependencies = (
			);
			name = Widget;
			productName = Widget;
			productReference = 695CAB211EA5B75B0074B16D /* Widget.appex */;
			productType = "com.apple.product-type.app-extension";
		};
/* End PBXNativeTarget section */

/* Begin PBXProject section */
		693E897C1E650933005803F0 /* Project object */ = {
			isa = PBXProject;
			attributes = {
				LastUpgradeCheck = 0810;
				ORGANIZATIONNAME = SaveYourTime;
				TargetAttributes = {
					693E89831E650933005803F0 = {
						CreatedOnToolsVersion = 8.1;
						DevelopmentTeam = 5S4L29TXXC;
						ProvisioningStyle = Automatic;
						SystemCapabilities = {
							com.apple.ApplicationGroups.iOS = {
								enabled = 1;
							};
						};
					};
					693E899C1E650933005803F0 = {
						CreatedOnToolsVersion = 8.1;
						DevelopmentTeam = 65Y8F76Y6Z;
						ProvisioningStyle = Automatic;
						TestTargetID = 693E89831E650933005803F0;
					};
					693E89A71E650933005803F0 = {
						CreatedOnToolsVersion = 8.1;
						DevelopmentTeam = 65Y8F76Y6Z;
						ProvisioningStyle = Automatic;
						TestTargetID = 693E89831E650933005803F0;
					};
					695CAB201EA5B75B0074B16D = {
						CreatedOnToolsVersion = 8.1;
						DevelopmentTeam = 5S4L29TXXC;
						ProvisioningStyle = Automatic;
					};
				};
			};
			buildConfigurationList = 693E897F1E650933005803F0 /* Build configuration list for PBXProject "LouXiaoShiYiLang" */;
			compatibilityVersion = "Xcode 3.2";
			developmentRegion = English;
			hasScannedForEncodings = 0;
			knownRegions = (
				en,
				Base,
			);
			mainGroup = 693E897B1E650933005803F0;
			productRefGroup = 693E89851E650933005803F0 /* Products */;
			projectDirPath = "";
			projectRoot = "";
			targets = (
				693E89831E650933005803F0 /* LouXiaoShiYiLang */,
				693E899C1E650933005803F0 /* LouXiaoShiYiLangTests */,
				693E89A71E650933005803F0 /* LouXiaoShiYiLangUITests */,
				695CAB201EA5B75B0074B16D /* Widget */,
			);
		};
/* End PBXProject section */

/* Begin PBXResourcesBuildPhase section */
		693E89821E650933005803F0 /* Resources */ = {
			isa = PBXResourcesBuildPhase;
			buildActionMask = 2147483647;
			files = (
				693E89971E650933005803F0 /* LaunchScreen.storyboard in Resources */,
				693E89EA1E656185005803F0 /* MyIcon4.png in Resources */,
				693E89E61E656185005803F0 /* MyIcon8.png in Resources */,
				693E89E71E656185005803F0 /* MyIcon7.png in Resources */,
				693E89E81E656185005803F0 /* MyIcon6.png in Resources */,
				693E89E91E656185005803F0 /* MyIcon5.png in Resources */,
				693E89EB1E656185005803F0 /* MyIcon3.png in Resources */,
				693E89EC1E656185005803F0 /* MyIcon2.png in Resources */,
				693E89ED1E656185005803F0 /* MyIcon1.png in Resources */,
				693E89941E650933005803F0 /* Assets.xcassets in Resources */,
				693E89921E650933005803F0 /* Main.storyboard in Resources */,
			);
			runOnlyForDeploymentPostprocessing = 0;
		};
		693E899B1E650933005803F0 /* Resources */ = {
			isa = PBXResourcesBuildPhase;
			buildActionMask = 2147483647;
			files = (
			);
			runOnlyForDeploymentPostprocessing = 0;
		};
		693E89A61E650933005803F0 /* Resources */ = {
			isa = PBXResourcesBuildPhase;
			buildActionMask = 2147483647;
			files = (
			);
			runOnlyForDeploymentPostprocessing = 0;
		};
		695CAB1F1EA5B75B0074B16D /* Resources */ = {
			isa = PBXResourcesBuildPhase;
			buildActionMask = 2147483647;
			files = (
				695CAB2B1EA5B75B0074B16D /* MainInterface.storyboard in Resources */,
			);
			runOnlyForDeploymentPostprocessing = 0;
		};
/* End PBXResourcesBuildPhase section */

/* Begin PBXSourcesBuildPhase section */
		693E89801E650933005803F0 /* Sources */ = {
			isa = PBXSourcesBuildPhase;
			buildActionMask = 2147483647;
			files = (
				693E89BC1E650C0D005803F0 /* QRCodeVIew.m in Sources */,
				693E898F1E650933005803F0 /* ViewController.m in Sources */,
				693E898C1E650933005803F0 /* AppDelegate.m in Sources */,
				693E89891E650933005803F0 /* main.m in Sources */,
				695CAB341EA5BDC80074B16D /* TodayViewController.m in Sources */,
			);
			runOnlyForDeploymentPostprocessing = 0;
		};
		693E89991E650933005803F0 /* Sources */ = {
			isa = PBXSourcesBuildPhase;
			buildActionMask = 2147483647;
			files = (
				693E89A21E650933005803F0 /* LouXiaoShiYiLangTests.m in Sources */,
			);
			runOnlyForDeploymentPostprocessing = 0;
		};
		693E89A41E650933005803F0 /* Sources */ = {
			isa = PBXSourcesBuildPhase;
			buildActionMask = 2147483647;
			files = (
				693E89AD1E650933005803F0 /* LouXiaoShiYiLangUITests.m in Sources */,
			);
			runOnlyForDeploymentPostprocessing = 0;
		};
		695CAB1D1EA5B75B0074B16D /* Sources */ = {
			isa = PBXSourcesBuildPhase;
			buildActionMask = 2147483647;
			files = (
				695CAB351EA5BDDB0074B16D /* ViewController.m in Sources */,
				695CAB281EA5B75B0074B16D /* TodayViewController.m in Sources */,
				695CAB361EA5BE6E0074B16D /* QRCodeVIew.m in Sources */,
			);
			runOnlyForDeploymentPostprocessing = 0;
		};
/* End PBXSourcesBuildPhase section */

/* Begin PBXTargetDependency section */
		693E899F1E650933005803F0 /* PBXTargetDependency */ = {
			isa = PBXTargetDependency;
			target = 693E89831E650933005803F0 /* LouXiaoShiYiLang */;
			targetProxy = 693E899E1E650933005803F0 /* PBXContainerItemProxy */;
		};
		693E89AA1E650933005803F0 /* PBXTargetDependency */ = {
			isa = PBXTargetDependency;
			target = 693E89831E650933005803F0 /* LouXiaoShiYiLang */;
			targetProxy = 693E89A91E650933005803F0 /* PBXContainerItemProxy */;
		};
		695CAB2E1EA5B75B0074B16D /* PBXTargetDependency */ = {
			isa = PBXTargetDependency;
			target = 695CAB201EA5B75B0074B16D /* Widget */;
			targetProxy = 695CAB2D1EA5B75B0074B16D /* PBXContainerItemProxy */;
		};
/* End PBXTargetDependency section */

/* Begin PBXVariantGroup section */
		693E89901E650933005803F0 /* Main.storyboard */ = {
			isa = PBXVariantGroup;
			children = (
				693E89911E650933005803F0 /* Base */,
			);
			name = Main.storyboard;
			sourceTree = "<group>";
		};
		693E89951E650933005803F0 /* LaunchScreen.storyboard */ = {
			isa = PBXVariantGroup;
			children = (
				693E89961E650933005803F0 /* Base */,
			);
			name = LaunchScreen.storyboard;
			sourceTree = "<group>";
		};
		695CAB291EA5B75B0074B16D /* MainInterface.storyboard */ = {
			isa = PBXVariantGroup;
			children = (
				695CAB2A1EA5B75B0074B16D /* Base */,
			);
			name = MainInterface.storyboard;
			sourceTree = "<group>";
		};
/* End PBXVariantGroup section */

/* Begin XCBuildConfiguration section */
		693E89AF1E650933005803F0 /* Debug */ = {
			isa = XCBuildConfiguration;
			buildSettings = {
				ALWAYS_SEARCH_USER_PATHS = NO;
				CLANG_ANALYZER_NONNULL = YES;
				CLANG_CXX_LANGUAGE_STANDARD = "gnu++0x";
				CLANG_CXX_LIBRARY = "libc++";
				CLANG_ENABLE_MODULES = YES;
				CLANG_ENABLE_OBJC_ARC = YES;
				CLANG_WARN_BOOL_CONVERSION = YES;
				CLANG_WARN_CONSTANT_CONVERSION = YES;
				CLANG_WARN_DIRECT_OBJC_ISA_USAGE = YES_ERROR;
				CLANG_WARN_DOCUMENTATION_COMMENTS = YES;
				CLANG_WARN_EMPTY_BODY = YES;
				CLANG_WARN_ENUM_CONVERSION = YES;
				CLANG_WARN_INFINITE_RECURSION = YES;
				CLANG_WARN_INT_CONVERSION = YES;
				CLANG_WARN_OBJC_ROOT_CLASS = YES_ERROR;
				CLANG_WARN_SUSPICIOUS_MOVES = YES;
				CLANG_WARN_UNREACHABLE_CODE = YES;
				CLANG_WARN__DUPLICATE_METHOD_MATCH = YES;
				"CODE_SIGN_IDENTITY[sdk=iphoneos*]" = "iPhone Developer";
				COPY_PHASE_STRIP = NO;
				DEBUG_INFORMATION_FORMAT = dwarf;
				ENABLE_STRICT_OBJC_MSGSEND = YES;
				ENABLE_TESTABILITY = YES;
				GCC_C_LANGUAGE_STANDARD = gnu99;
				GCC_DYNAMIC_NO_PIC = NO;
				GCC_NO_COMMON_BLOCKS = YES;
				GCC_OPTIMIZATION_LEVEL = 0;
				GCC_PREPROCESSOR_DEFINITIONS = (
					"DEBUG=1",
					"$(inherited)",
				);
				GCC_WARN_64_TO_32_BIT_CONVERSION = YES;
				GCC_WARN_ABOUT_RETURN_TYPE = YES_ERROR;
				GCC_WARN_UNDECLARED_SELECTOR = YES;
				GCC_WARN_UNINITIALIZED_AUTOS = YES_AGGRESSIVE;
				GCC_WARN_UNUSED_FUNCTION = YES;
				GCC_WARN_UNUSED_VARIABLE = YES;
				IPHONEOS_DEPLOYMENT_TARGET = 10.1;
				MTL_ENABLE_DEBUG_INFO = YES;
				ONLY_ACTIVE_ARCH = YES;
				SDKROOT = iphoneos;
			};
			name = Debug;
		};
		693E89B01E650933005803F0 /* Release */ = {
			isa = XCBuildConfiguration;
			buildSettings = {
				ALWAYS_SEARCH_USER_PATHS = NO;
				CLANG_ANALYZER_NONNULL = YES;
				CLANG_CXX_LANGUAGE_STANDARD = "gnu++0x";
				CLANG_CXX_LIBRARY = "libc++";
				CLANG_ENABLE_MODULES = YES;
				CLANG_ENABLE_OBJC_ARC = YES;
				CLANG_WARN_BOOL_CONVERSION = YES;
				CLANG_WARN_CONSTANT_CONVERSION = YES;
				CLANG_WARN_DIRECT_OBJC_ISA_USAGE = YES_ERROR;
				CLANG_WARN_DOCUMENTATION_COMMENTS = YES;
				CLANG_WARN_EMPTY_BODY = YES;
				CLANG_WARN_ENUM_CONVERSION = YES;
				CLANG_WARN_INFINITE_RECURSION = YES;
				CLANG_WARN_INT_CONVERSION = YES;
				CLANG_WARN_OBJC_ROOT_CLASS = YES_ERROR;
				CLANG_WARN_SUSPICIOUS_MOVES = YES;
				CLANG_WARN_UNREACHABLE_CODE = YES;
				CLANG_WARN__DUPLICATE_METHOD_MATCH = YES;
				"CODE_SIGN_IDENTITY[sdk=iphoneos*]" = "iPhone Developer";
				COPY_PHASE_STRIP = NO;
				DEBUG_INFORMATION_FORMAT = "dwarf-with-dsym";
				ENABLE_NS_ASSERTIONS = NO;
				ENABLE_STRICT_OBJC_MSGSEND = YES;
				GCC_C_LANGUAGE_STANDARD = gnu99;
				GCC_NO_COMMON_BLOCKS = YES;
				GCC_WARN_64_TO_32_BIT_CONVERSION = YES;
				GCC_WARN_ABOUT_RETURN_TYPE = YES_ERROR;
				GCC_WARN_UNDECLARED_SELECTOR = YES;
				GCC_WARN_UNINITIALIZED_AUTOS = YES_AGGRESSIVE;
				GCC_WARN_UNUSED_FUNCTION = YES;
				GCC_WARN_UNUSED_VARIABLE = YES;
				IPHONEOS_DEPLOYMENT_TARGET = 10.1;
				MTL_ENABLE_DEBUG_INFO = NO;
				SDKROOT = iphoneos;
				VALIDATE_PRODUCT = YES;
			};
			name = Release;
		};
		693E89B21E650933005803F0 /* Debug */ = {
			isa = XCBuildConfiguration;
			buildSettings = {
				ASSETCATALOG_COMPILER_APPICON_NAME = AppIcon;
				CODE_SIGN_ENTITLEMENTS = LouXiaoShiYiLang/LouXiaoShiYiLang.entitlements;
				"CODE_SIGN_IDENTITY[sdk=iphoneos*]" = "iPhone Developer";
				DEVELOPMENT_TEAM = 5S4L29TXXC;
				INFOPLIST_FILE = LouXiaoShiYiLang/Info.plist;
				LD_RUNPATH_SEARCH_PATHS = "$(inherited) @executable_path/Frameworks";
				PRODUCT_BUNDLE_IDENTIFIER = net.xtion.enterpriseCertificateTrust;
				PRODUCT_NAME = "$(TARGET_NAME)";
			};
			name = Debug;
		};
		693E89B31E650933005803F0 /* Release */ = {
			isa = XCBuildConfiguration;
			buildSettings = {
				ASSETCATALOG_COMPILER_APPICON_NAME = AppIcon;
				CODE_SIGN_ENTITLEMENTS = LouXiaoShiYiLang/LouXiaoShiYiLang.entitlements;
				"CODE_SIGN_IDENTITY[sdk=iphoneos*]" = "iPhone Developer";
				DEVELOPMENT_TEAM = 5S4L29TXXC;
				INFOPLIST_FILE = LouXiaoShiYiLang/Info.plist;
				LD_RUNPATH_SEARCH_PATHS = "$(inherited) @executable_path/Frameworks";
				PRODUCT_BUNDLE_IDENTIFIER = net.xtion.enterpriseCertificateTrust;
				PRODUCT_NAME = "$(TARGET_NAME)";
				PROVISIONING_PROFILE = "";
				PROVISIONING_PROFILE_SPECIFIER = "";
			};
			name = Release;
		};
		693E89B51E650933005803F0 /* Debug */ = {
			isa = XCBuildConfiguration;
			buildSettings = {
				BUNDLE_LOADER = "$(TEST_HOST)";
				DEVELOPMENT_TEAM = 65Y8F76Y6Z;
				INFOPLIST_FILE = LouXiaoShiYiLangTests/Info.plist;
				LD_RUNPATH_SEARCH_PATHS = "$(inherited) @executable_path/Frameworks @loader_path/Frameworks";
				PRODUCT_BUNDLE_IDENTIFIER = SaveYourTime.LouXiaoShiYiLangTests;
				PRODUCT_NAME = "$(TARGET_NAME)";
				TEST_HOST = "$(BUILT_PRODUCTS_DIR)/LouXiaoShiYiLang.app/LouXiaoShiYiLang";
			};
			name = Debug;
		};
		693E89B61E650933005803F0 /* Release */ = {
			isa = XCBuildConfiguration;
			buildSettings = {
				BUNDLE_LOADER = "$(TEST_HOST)";
				DEVELOPMENT_TEAM = 65Y8F76Y6Z;
				INFOPLIST_FILE = LouXiaoShiYiLangTests/Info.plist;
				LD_RUNPATH_SEARCH_PATHS = "$(inherited) @executable_path/Frameworks @loader_path/Frameworks";
				PRODUCT_BUNDLE_IDENTIFIER = SaveYourTime.LouXiaoShiYiLangTests;
				PRODUCT_NAME = "$(TARGET_NAME)";
				TEST_HOST = "$(BUILT_PRODUCTS_DIR)/LouXiaoShiYiLang.app/LouXiaoShiYiLang";
			};
			name = Release;
		};
		693E89B81E650933005803F0 /* Debug */ = {
			isa = XCBuildConfiguration;
			buildSettings = {
				DEVELOPMENT_TEAM = 65Y8F76Y6Z;
				INFOPLIST_FILE = LouXiaoShiYiLangUITests/Info.plist;
				LD_RUNPATH_SEARCH_PATHS = "$(inherited) @executable_path/Frameworks @loader_path/Frameworks";
				PRODUCT_BUNDLE_IDENTIFIER = SaveYourTime.LouXiaoShiYiLangUITests;
				PRODUCT_NAME = "$(TARGET_NAME)";
				TEST_TARGET_NAME = LouXiaoShiYiLang;
			};
			name = Debug;
		};
		693E89B91E650933005803F0 /* Release */ = {
			isa = XCBuildConfiguration;
			buildSettings = {
				DEVELOPMENT_TEAM = 65Y8F76Y6Z;
				INFOPLIST_FILE = LouXiaoShiYiLangUITests/Info.plist;
				LD_RUNPATH_SEARCH_PATHS = "$(inherited) @executable_path/Frameworks @loader_path/Frameworks";
				PRODUCT_BUNDLE_IDENTIFIER = SaveYourTime.LouXiaoShiYiLangUITests;
				PRODUCT_NAME = "$(TARGET_NAME)";
				TEST_TARGET_NAME = LouXiaoShiYiLang;
			};
			name = Release;
		};
		695CAB311EA5B75B0074B16D /* Debug */ = {
			isa = XCBuildConfiguration;
			buildSettings = {
				DEVELOPMENT_TEAM = 5S4L29TXXC;
				INFOPLIST_FILE = Widget/Info.plist;
				LD_RUNPATH_SEARCH_PATHS = "$(inherited) @executable_path/Frameworks @executable_path/../../Frameworks";
				PRODUCT_BUNDLE_IDENTIFIER = net.xtion.enterpriseCertificateTrust.Widget;
				PRODUCT_NAME = "$(TARGET_NAME)";
				SKIP_INSTALL = YES;
			};
			name = Debug;
		};
		695CAB321EA5B75B0074B16D /* Release */ = {
			isa = XCBuildConfiguration;
			buildSettings = {
				DEVELOPMENT_TEAM = 5S4L29TXXC;
				INFOPLIST_FILE = Widget/Info.plist;
				LD_RUNPATH_SEARCH_PATHS = "$(inherited) @executable_path/Frameworks @executable_path/../../Frameworks";
				PRODUCT_BUNDLE_IDENTIFIER = net.xtion.enterpriseCertificateTrust.Widget;
				PRODUCT_NAME = "$(TARGET_NAME)";
				SKIP_INSTALL = YES;
			};
			name = Release;
		};
/* End XCBuildConfiguration section */

/* Begin XCConfigurationList section */
		693E897F1E650933005803F0 /* Build configuration list for PBXProject "LouXiaoShiYiLang" */ = {
			isa = XCConfigurationList;
			buildConfigurations = (
				693E89AF1E650933005803F0 /* Debug */,
				693E89B01E650933005803F0 /* Release */,
			);
			defaultConfigurationIsVisible = 0;
			defaultConfigurationName = Release;
		};
		693E89B11E650933005803F0 /* Build configuration list for PBXNativeTarget "LouXiaoShiYiLang" */ = {
			isa = XCConfigurationList;
			buildConfigurations = (
				693E89B21E650933005803F0 /* Debug */,
				693E89B31E650933005803F0 /* Release */,
			);
			defaultConfigurationIsVisible = 0;
			defaultConfigurationName = Release;
		};
		693E89B41E650933005803F0 /* Build configuration list for PBXNativeTarget "LouXiaoShiYiLangTests" */ = {
			isa = XCConfigurationList;
			buildConfigurations = (
				693E89B51E650933005803F0 /* Debug */,
				693E89B61E650933005803F0 /* Release */,
			);
			defaultConfigurationIsVisible = 0;
			defaultConfigurationName = Release;
		};
		693E89B71E650933005803F0 /* Build configuration list for PBXNativeTarget "LouXiaoShiYiLangUITests" */ = {
			isa = XCConfigurationList;
			buildConfigurations = (
				693E89B81E650933005803F0 /* Debug */,
				693E89B91E650933005803F0 /* Release */,
			);
			defaultConfigurationIsVisible = 0;
			defaultConfigurationName = Release;
		};
		695CAB301EA5B75B0074B16D /* Build configuration list for PBXNativeTarget "Widget" */ = {
			isa = XCConfigurationList;
			buildConfigurations = (
				695CAB311EA5B75B0074B16D /* Debug */,
				695CAB321EA5B75B0074B16D /* Release */,
			);
			defaultConfigurationIsVisible = 0;
		};
/* End XCConfigurationList section */
	};
	rootObject = 693E897C1E650933005803F0 /* Project object */;
}
